<?xml version="1.0" encoding="utf-8"?>
<Project ToolsVersion="4.0" xmlns="http://schemas.microsoft.com/developer/msbuild/2003">
  <ItemGroup>
    <ClCompile Include="Game.cpp" />
    <ClCompile Include="main.cpp" />
    <ClCompile Include="Shader.cpp" />
    <ClCompile Include="ShaderProgram.cpp" />
    <ClCompile Include="Sprite.cpp" />
    <ClCompile Include="Texture.cpp" />
    <ClCompile Include="GameObject.cpp">
      <Filter>GameObjects</Filter>
    </ClCompile>
    <ClCompile Include="TileMap.cpp">
      <Filter>Scenes</Filter>
    </ClCompile>
    <ClCompile Include="DynamicObject.cpp">
      <Filter>GameObjects</Filter>
    </ClCompile>
    <ClCompile Include="StaticObject.cpp">
      <Filter>GameObjects</Filter>
    </ClCompile>
    <ClCompile Include="UnbreakableBlock.cpp">
      <Filter>GameObjects\StaticObjects</Filter>
    </ClCompile>
    <ClCompile Include="Player.cpp">
      <Filter>GameObjects\DynamicObjects</Filter>
    </ClCompile>
    <ClCompile Include="BreakableBlock.cpp">
      <Filter>GameObjects\StaticObjects</Filter>
    </ClCompile>
    <ClCompile Include="Level.cpp">
      <Filter>Scenes</Filter>
    </ClCompile>
    <ClCompile Include="Level1.cpp">
      <Filter>Scenes</Filter>
    </ClCompile>
    <ClCompile Include="AudioManager.cpp">
      <Filter>Audio</Filter>
    </ClCompile>
  </ItemGroup>
  <ItemGroup>
    <ClInclude Include="AnimKeyframes.h" />
    <ClInclude Include="Game.h" />
    <ClInclude Include="Shader.h" />
    <ClInclude Include="ShaderProgram.h" />
    <ClInclude Include="Sprite.h" />
    <ClInclude Include="Texture.h" />
    <ClInclude Include="Scene.h">
      <Filter>Scenes</Filter>
    </ClInclude>
    <ClInclude Include="GameObject.h">
      <Filter>GameObjects</Filter>
    </ClInclude>
    <ClInclude Include="TileMap.h">
      <Filter>Scenes</Filter>
    </ClInclude>
    <ClInclude Include="Config.h" />
    <ClInclude Include="DynamicObject.h">
      <Filter>GameObjects</Filter>
    </ClInclude>
    <ClInclude Include="StaticObject.h">
      <Filter>GameObjects</Filter>
    </ClInclude>
    <ClInclude Include="UnbreakableBlock.h">
      <Filter>GameObjects\StaticObjects</Filter>
    </ClInclude>
    <ClInclude Include="Player.h">
      <Filter>GameObjects\DynamicObjects</Filter>
    </ClInclude>
    <ClInclude Include="BreakableBlock.h">
      <Filter>GameObjects\StaticObjects</Filter>
    </ClInclude>
    <ClInclude Include="Quadtree.h">
      <Filter>stdExtension</Filter>
    </ClInclude>
    <ClInclude Include="Level1.h">
      <Filter>Scenes</Filter>
    </ClInclude>
    <ClInclude Include="Level.h">
      <Filter>Scenes</Filter>
    </ClInclude>
    <ClInclude Include="AudioManager.h">
      <Filter>Audio</Filter>
    </ClInclude>
  </ItemGroup>
  <ItemGroup>
    <Filter Include="Scenes">
      <UniqueIdentifier>{fc4ec7e1-d3b0-4e44-a3d6-c7ec8af2e6b2}</UniqueIdentifier>
    </Filter>
    <Filter Include="GameObjects">
      <UniqueIdentifier>{570b8652-58c3-4ed4-80fb-82d35bf14408}</UniqueIdentifier>
    </Filter>
    <Filter Include="GameObjects\StaticObjects">
      <UniqueIdentifier>{951b91c8-685d-463b-8d8e-1c6ebed85eb2}</UniqueIdentifier>
    </Filter>
    <Filter Include="GameObjects\DynamicObjects">
      <UniqueIdentifier>{63f8c3d3-8bd0-4de9-bf67-bc903c83db8c}</UniqueIdentifier>
    </Filter>
    <Filter Include="stdExtension">
      <UniqueIdentifier>{7b8dd15e-4a95-4a4d-a848-6cc7cff48185}</UniqueIdentifier>
    </Filter>
    <Filter Include="Audio">
      <UniqueIdentifier>{262298ff-e623-42fd-ba46-ad929f713c3b}</UniqueIdentifier>
    </Filter>
  </ItemGroup>
</Project>