<?xml version="1.0" encoding="utf-8"?>
<Project ToolsVersion="4.0" xmlns="http://schemas.microsoft.com/developer/msbuild/2003">
  <ItemGroup>
    <ClCompile Include="main.cpp" />
    <ClCompile Include="Game.cpp" />
    <ClCompile Include="Shader.cpp" />
    <ClCompile Include="ShaderProgram.cpp" />
    <ClCompile Include="Sprite.cpp" />
    <ClCompile Include="Texture.cpp" />
    <ClCompile Include="GameObject.cpp">
      <Filter>GameObjects</Filter>
    </ClCompile>
    <ClCompile Include="TileMap.cpp">
      <Filter>Scenes</Filter>
    </ClCompile>
    <ClCompile Include="DynamicObject.cpp">
      <Filter>GameObjects</Filter>
    </ClCompile>
    <ClCompile Include="StaticObject.cpp">
      <Filter>GameObjects</Filter>
    </ClCompile>
    <ClCompile Include="UnbreakableBlock.cpp">
      <Filter>GameObjects\StaticObjects</Filter>
    </ClCompile>
    <ClCompile Include="Player.cpp">
      <Filter>GameObjects\DynamicObjects</Filter>
    </ClCompile>
    <ClCompile Include="BreakableBlock.cpp">
      <Filter>GameObjects\StaticObjects</Filter>
    </ClCompile>
    <ClCompile Include="Level.cpp">
      <Filter>Scenes</Filter>
    </ClCompile>
    <ClCompile Include="AudioManager.cpp">
      <Filter>Audio</Filter>
    </ClCompile>
    <ClCompile Include="UIManager.cpp">
      <Filter>UI</Filter>
    </ClCompile>
    <ClCompile Include="Scene.cpp">
      <Filter>Scenes</Filter>
    </ClCompile>
    <ClCompile Include="Level1.cpp">
      <Filter>Scenes\Levels</Filter>
    </ClCompile>
    <ClCompile Include="Menu.cpp">
      <Filter>Scenes\Menu</Filter>
    </ClCompile>
  </ItemGroup>
  <ItemGroup>
    <ClInclude Include="AnimKeyframes.h" />
    <ClInclude Include="Game.h" />
    <ClInclude Include="Shader.h" />
    <ClInclude Include="ShaderProgram.h" />
    <ClInclude Include="Sprite.h" />
    <ClInclude Include="Texture.h" />
    <ClInclude Include="Scene.h">
      <Filter>Scenes</Filter>
    </ClInclude>
    <ClInclude Include="GameObject.h">
      <Filter>GameObjects</Filter>
    </ClInclude>
    <ClInclude Include="TileMap.h">
      <Filter>Scenes</Filter>
    </ClInclude>
    <ClInclude Include="Config.h" />
    <ClInclude Include="DynamicObject.h">
      <Filter>GameObjects</Filter>
    </ClInclude>
    <ClInclude Include="StaticObject.h">
      <Filter>GameObjects</Filter>
    </ClInclude>
    <ClInclude Include="UnbreakableBlock.h">
      <Filter>GameObjects\StaticObjects</Filter>
    </ClInclude>
    <ClInclude Include="Player.h">
      <Filter>GameObjects\DynamicObjects</Filter>
    </ClInclude>
    <ClInclude Include="BreakableBlock.h">
      <Filter>GameObjects\StaticObjects</Filter>
    </ClInclude>
    <ClInclude Include="Quadtree.h">
      <Filter>stdExtension</Filter>
    </ClInclude>
    <ClInclude Include="Level.h">
      <Filter>Scenes</Filter>
    </ClInclude>
    <ClInclude Include="AudioManager.h">
      <Filter>Audio</Filter>
    </ClInclude>
    <ClInclude Include="UIManager.h">
      <Filter>UI</Filter>
    </ClInclude>
    <ClInclude Include="Level1.h">
      <Filter>Scenes\Levels</Filter>
    </ClInclude>
    <ClInclude Include="Menu.h">
      <Filter>Scenes\Menu</Filter>
    </ClInclude>
  </ItemGroup>
  <ItemGroup>
    <Filter Include="Assets">
      <UniqueIdentifier>{17d22eda-cc16-4aa1-9562-d8a1d033b933}</UniqueIdentifier>
    </Filter>
    <Filter Include="Assets\Audios">
      <UniqueIdentifier>{4a34870f-3e47-47e7-9c05-83e6f6df606c}</UniqueIdentifier>
    </Filter>
    <Filter Include="Assets\Fonts">
      <UniqueIdentifier>{6346657f-05f1-4fb0-bc62-08abac9672d1}</UniqueIdentifier>
    </Filter>
    <Filter Include="Assets\Images">
      <UniqueIdentifier>{3de103c6-b081-4897-8f2d-d00d682e21cc}</UniqueIdentifier>
    </Filter>
    <Filter Include="Assets\Images\Backgrounds">
      <UniqueIdentifier>{5632cd4d-354b-41e7-9400-1a1ea7c56884}</UniqueIdentifier>
    </Filter>
    <Filter Include="Assets\Levels">
      <UniqueIdentifier>{a216cb53-c853-494c-9e53-9f010d9a06e6}</UniqueIdentifier>
    </Filter>
    <Filter Include="Assets\Audios\Music">
      <UniqueIdentifier>{3088584a-f794-4ea6-b47e-96be32cd349d}</UniqueIdentifier>
    </Filter>
    <Filter Include="Assets\Audios\SFX">
      <UniqueIdentifier>{00283822-cd45-4f1d-915b-d3759cbfb403}</UniqueIdentifier>
    </Filter>
    <Filter Include="Assets\Shaders">
      <UniqueIdentifier>{d991d08e-7af5-4dfd-80ac-b11f0b110590}</UniqueIdentifier>
    </Filter>
    <Filter Include="stdExtension">
      <UniqueIdentifier>{7b8dd15e-4a95-4a4d-a848-6cc7cff48185}</UniqueIdentifier>
    </Filter>
    <Filter Include="Scenes">
      <UniqueIdentifier>{fc4ec7e1-d3b0-4e44-a3d6-c7ec8af2e6b2}</UniqueIdentifier>
    </Filter>
    <Filter Include="GameObjects">
      <UniqueIdentifier>{570b8652-58c3-4ed4-80fb-82d35bf14408}</UniqueIdentifier>
    </Filter>
    <Filter Include="GameObjects\StaticObjects">
      <UniqueIdentifier>{951b91c8-685d-463b-8d8e-1c6ebed85eb2}</UniqueIdentifier>
    </Filter>
    <Filter Include="GameObjects\DynamicObjects">
      <UniqueIdentifier>{63f8c3d3-8bd0-4de9-bf67-bc903c83db8c}</UniqueIdentifier>
    </Filter>
    <Filter Include="Audio">
      <UniqueIdentifier>{262298ff-e623-42fd-ba46-ad929f713c3b}</UniqueIdentifier>
    </Filter>
    <Filter Include="UI">
      <UniqueIdentifier>{a124e4bc-306c-40d5-98f7-afca24261447}</UniqueIdentifier>
    </Filter>
    <Filter Include="Scenes\Levels">
      <UniqueIdentifier>{c8f82c5c-afbc-439d-8290-54740b48375d}</UniqueIdentifier>
    </Filter>
    <Filter Include="Scenes\Menu">
      <UniqueIdentifier>{ea7224d2-bf41-4da4-b3a9-c5c8c0882248}</UniqueIdentifier>
    </Filter>
    <Filter Include="Assets\Images\UI">
      <UniqueIdentifier>{d5591090-3416-49c2-998e-480cd791ec24}</UniqueIdentifier>
    </Filter>
  </ItemGroup>
  <ItemGroup>
    <None Include="assets\fonts\PressStart2P-Regular.ttf">
      <Filter>Assets\Fonts</Filter>
    </None>
    <None Include="assets\fonts\PixelifySans-VariableFont_wght.ttf">
      <Filter>Assets\Fonts</Filter>
    </None>
    <None Include="assets\fonts\Silkscreen-Bold.ttf">
      <Filter>Assets\Fonts</Filter>
    </None>
    <None Include="assets\fonts\Silkscreen-Regular.ttf">
      <Filter>Assets\Fonts</Filter>
    </None>
    <None Include="assets\fonts\VT323-Regular.ttf">
      <Filter>Assets\Fonts</Filter>
    </None>
    <None Include="assets\images\backgrounds\stage1-1.png">
      <Filter>Assets\Images\Backgrounds</Filter>
    </None>
    <None Include="assets\images\backgrounds\stage1-2.png">
      <Filter>Assets\Images\Backgrounds</Filter>
    </None>
    <None Include="assets\images\backgrounds\stage1-3.png">
      <Filter>Assets\Images\Backgrounds</Filter>
    </None>
    <None Include="assets\images\backgrounds\stage2-1.png">
      <Filter>Assets\Images\Backgrounds</Filter>
    </None>
    <None Include="assets\images\backgrounds\stage2-2.png">
      <Filter>Assets\Images\Backgrounds</Filter>
    </None>
    <None Include="assets\images\backgrounds\stage2-3.png">
      <Filter>Assets\Images\Backgrounds</Filter>
    </None>
    <None Include="assets\images\backgrounds\stage3-1.png">
      <Filter>Assets\Images\Backgrounds</Filter>
    </None>
    <None Include="assets\images\backgrounds\stage3-2.png">
      <Filter>Assets\Images\Backgrounds</Filter>
    </None>
    <None Include="assets\images\backgrounds\stage3-3.png">
      <Filter>Assets\Images\Backgrounds</Filter>
    </None>
    <None Include="assets\images\backgrounds\stage4-1.png">
      <Filter>Assets\Images\Backgrounds</Filter>
    </None>
    <None Include="assets\images\backgrounds\stage4-2.png">
      <Filter>Assets\Images\Backgrounds</Filter>
    </None>
    <None Include="assets\images\backgrounds\stage4-3.png">
      <Filter>Assets\Images\Backgrounds</Filter>
    </None>
    <None Include="assets\images\backgrounds\stage5-1.png">
      <Filter>Assets\Images\Backgrounds</Filter>
    </None>
    <None Include="assets\images\backgrounds\stage5-2.png">
      <Filter>Assets\Images\Backgrounds</Filter>
    </None>
    <None Include="assets\images\backgrounds\stage5-3.png">
      <Filter>Assets\Images\Backgrounds</Filter>
    </None>
    <None Include="assets\images\backgrounds\stage6-1.png">
      <Filter>Assets\Images\Backgrounds</Filter>
    </None>
    <None Include="assets\images\backgrounds\stage6-2.png">
      <Filter>Assets\Images\Backgrounds</Filter>
    </None>
    <None Include="assets\images\backgrounds\stage6-3.png">
      <Filter>Assets\Images\Backgrounds</Filter>
    </None>
    <None Include="assets\images\backgrounds\stage7-1.png">
      <Filter>Assets\Images\Backgrounds</Filter>
    </None>
    <None Include="assets\images\backgrounds\stage7-2.png">
      <Filter>Assets\Images\Backgrounds</Filter>
    </None>
    <None Include="assets\images\backgrounds\stage7-3.png">
      <Filter>Assets\Images\Backgrounds</Filter>
    </None>
    <None Include="assets\images\backgrounds\stage8-1.png">
      <Filter>Assets\Images\Backgrounds</Filter>
    </None>
    <None Include="assets\images\backgrounds\stage8-2.png">
      <Filter>Assets\Images\Backgrounds</Filter>
    </None>
    <None Include="assets\images\backgrounds\stage8-3.png">
      <Filter>Assets\Images\Backgrounds</Filter>
    </None>
    <None Include="assets\images\backgrounds\stage9-1.png">
      <Filter>Assets\Images\Backgrounds</Filter>
    </None>
    <None Include="assets\images\backgrounds\stage9-2.png">
      <Filter>Assets\Images\Backgrounds</Filter>
    </None>
    <None Include="assets\images\backgrounds\stage9-3.png">
      <Filter>Assets\Images\Backgrounds</Filter>
    </None>
    <None Include="assets\images\backgrounds\stage10-1.png">
      <Filter>Assets\Images\Backgrounds</Filter>
    </None>
    <None Include="assets\images\backgrounds\stage10-2.png">
      <Filter>Assets\Images\Backgrounds</Filter>
    </None>
    <None Include="assets\images\backgrounds\stage10-3.png">
      <Filter>Assets\Images\Backgrounds</Filter>
    </None>
    <None Include="assets\images\backgrounds\stage11-1.png">
      <Filter>Assets\Images\Backgrounds</Filter>
    </None>
    <None Include="assets\images\backgrounds\stage11-2.png">
      <Filter>Assets\Images\Backgrounds</Filter>
    </None>
    <None Include="assets\images\backgrounds\stage11-3.png">
      <Filter>Assets\Images\Backgrounds</Filter>
    </None>
    <None Include="assets\images\backgrounds\stage12-1.png">
      <Filter>Assets\Images\Backgrounds</Filter>
    </None>
    <None Include="assets\images\backgrounds\stage12-2.png">
      <Filter>Assets\Images\Backgrounds</Filter>
    </None>
    <None Include="assets\images\backgrounds\stage12-3.png">
      <Filter>Assets\Images\Backgrounds</Filter>
    </None>
    <None Include="assets\images\backgrounds\stage13-1.png">
      <Filter>Assets\Images\Backgrounds</Filter>
    </None>
    <None Include="assets\images\backgrounds\stage13-2.png">
      <Filter>Assets\Images\Backgrounds</Filter>
    </None>
    <None Include="assets\images\backgrounds\stage13-3.png">
      <Filter>Assets\Images\Backgrounds</Filter>
    </None>
    <None Include="assets\images\backgrounds\stage14-1.png">
      <Filter>Assets\Images\Backgrounds</Filter>
    </None>
    <None Include="assets\images\backgrounds\stage14-2.png">
      <Filter>Assets\Images\Backgrounds</Filter>
    </None>
    <None Include="assets\images\backgrounds\stage14-3.png">
      <Filter>Assets\Images\Backgrounds</Filter>
    </None>
    <None Include="assets\images\backgrounds\stage15-1.png">
      <Filter>Assets\Images\Backgrounds</Filter>
    </None>
    <None Include="assets\images\backgrounds\stage15-2.png">
      <Filter>Assets\Images\Backgrounds</Filter>
    </None>
    <None Include="assets\images\backgrounds\stage15-3.png">
      <Filter>Assets\Images\Backgrounds</Filter>
    </None>
    <None Include="assets\images\backgrounds\stage16-1.png">
      <Filter>Assets\Images\Backgrounds</Filter>
    </None>
    <None Include="assets\images\backgrounds\stage16-2.png">
      <Filter>Assets\Images\Backgrounds</Filter>
    </None>
    <None Include="assets\images\backgrounds\stage16-3.png">
      <Filter>Assets\Images\Backgrounds</Filter>
    </None>
    <None Include="assets\images\backgrounds\stage17-1.png">
      <Filter>Assets\Images\Backgrounds</Filter>
    </None>
    <None Include="assets\images\backgrounds\stage17-2.png">
      <Filter>Assets\Images\Backgrounds</Filter>
    </None>
    <None Include="assets\images\sprites.png">
      <Filter>Assets\Images</Filter>
    </None>
    <None Include="assets\images\bub.png">
      <Filter>Assets\Images</Filter>
    </None>
    <None Include="assets\audio\music\template.mp3">
      <Filter>Assets\Audios\Music</Filter>
    </None>
    <None Include="assets\levels\level01.txt">
      <Filter>Assets\Levels</Filter>
    </None>
    <None Include="assets\images\ui\menu.png">
      <Filter>Assets\Images\UI</Filter>
    </None>
    <None Include="assets\images\ui\credits.png">
      <Filter>Assets\Images\UI</Filter>
    </None>
  </ItemGroup>
  <ItemGroup>
    <None Include="assets\shaders\text.frag">
      <Filter>Assets\Shaders</Filter>
    </None>
    <None Include="assets\shaders\text.vert">
      <Filter>Assets\Shaders</Filter>
    </None>
    <None Include="assets\shaders\texture.vert">
      <Filter>Assets\Shaders</Filter>
    </None>
    <None Include="assets\shaders\texture.frag">
      <Filter>Assets\Shaders</Filter>
    </None>
    <None Include="assets\shaders\simple.vert">
      <Filter>Assets\Shaders</Filter>
    </None>
    <None Include="assets\shaders\simple.frag">
      <Filter>Assets\Shaders</Filter>
    </None>
  </ItemGroup>
</Project>